
Microsoft Visual Studio Solution File, Format Version 12.00
# Visual Studio Version 17
VisualStudioVersion = 17.14.36717.8
MinimumVisualStudioVersion = 10.0.40219.1
Project("{FAE04EC0-301F-11D3-BF4B-00C04F79EFBC}") = "AppAutoStart", "AppAutoStart\AppAutoStart.csproj", "{EF82CFC6-F370-46F9-A5C7-0A9CC8597135}"
EndProject
Project("{FAE04EC0-301F-11D3-BF4B-00C04F79EFBC}") = "CMW.Boosting.BegoodBoostingController", "BegoodBoostingController\CMW.Boosting.BegoodBoostingController.csproj", "{900BB6ED-3D37-439B-9F36-4AC54C097E87}"
EndProject
Project("{FAE04EC0-301F-11D3-BF4B-00C04F79EFBC}") = "BG_Services", "BG_WebServices\BG_Services.csproj", "{645B93D5-826A-4648-9ED4-236EB460D470}"
EndProject
Project("{FAE04EC0-301F-11D3-BF4B-00C04F79EFBC}") = "CMW.Common.Utilities", "BGCommonOperation\CMW.Common.Utilities.csproj", "{27444610-0930-4F50-A25B-4AEB4B0F7E2C}"
EndProject
Project("{FAE04EC0-301F-11D3-BF4B-00C04F79EFBC}") = "BGCommunication", "BGCommunication\BGCommunication.csproj", "{1EBD915C-409C-47C5-BB7F-DEFC05727D8C}"
EndProject
Project("{FAE04EC0-301F-11D3-BF4B-00C04F79EFBC}") = "BGDAL", "BGDAL\BGDAL.csproj", "{4ADDC465-49D2-4053-9ABC-27902E30160F}"
EndProject
Project("{FAE04EC0-301F-11D3-BF4B-00C04F79EFBC}") = "BGModel", "BGModel\BGModel.csproj", "{0CA06051-36E0-44A8-8DD4-048BD3BC4096}"
EndProject
Project("{FAE04EC0-301F-11D3-BF4B-00C04F79EFBC}") = "BGPLC", "BGPLC\BGPLC.csproj", "{7AEC81BE-A119-4C5F-9D74-CAE8EBBDF0C7}"
EndProject
Project("{FAE04EC0-301F-11D3-BF4B-00C04F79EFBC}") = "BGUserControl", "BGUserControl\BGUserControl.csproj", "{5F945592-982A-4256-BFFA-4FF57C1FC0A5}"
EndProject
Project("{FAE04EC0-301F-11D3-BF4B-00C04F79EFBC}") = "CMW", "CMW\CMW.csproj", "{5777C638-5392-49AE-883B-483CF825592D}"
EndProject
Project("{FAE04EC0-301F-11D3-BF4B-00C04F79EFBC}") = "ExeBaseModules", "ExeBaseModules\ExeBaseModules.csproj", "{A7B3970D-08F0-48A2-A74B-0A4391CECE3C}"
EndProject
Project("{FAE04EC0-301F-11D3-BF4B-00C04F79EFBC}") = "FH_BoostingController", "FH_BoostingController\FH_BoostingController.csproj", "{436D3C32-CB50-4DFF-BC4C-AC19A4C8596F}"
EndProject
Project("{FAE04EC0-301F-11D3-BF4B-00C04F79EFBC}") = "LoginModules", "LoginModules\LoginModules.csproj", "{8DA50BCA-5C1E-4333-823E-F87F549F0DA5}"
EndProject
Project("{FAE04EC0-301F-11D3-BF4B-00C04F79EFBC}") = "RescourceDic", "RescourceDic\RescourceDic.csproj", "{C45BED8E-9AFA-456B-B58C-3FD78FDF1A90}"
EndProject
Project("{FAE04EC0-301F-11D3-BF4B-00C04F79EFBC}") = "BG_WorkFlow", "BG_WorkFlow\BG_WorkFlow.csproj", "{31DBD45C-E7A6-4C1F-9BE4-C8083C96A3B9}"
EndProject
Project("{FAE04EC0-301F-11D3-BF4B-00C04F79EFBC}") = "BG_Entities", "BG_Entities\BG_Entities.csproj", "{386F8366-73B9-45EC-8ED5-B9CBA8E291BA}"
EndProject
Project("{FAE04EC0-301F-11D3-BF4B-00C04F79EFBC}") = "CMW.Boosting.Russia_BetratronBoostingController", "Russia_BetratronBoostingController\CMW.Boosting.Russia_BetratronBoostingController.csproj", "{545F1073-5269-47DD-8543-D56DEF0B739F}"
EndProject
Project("{2150E333-8FDC-42A3-9474-1A3956D46DE8}") = "language", "language", "{25F1FC72-8958-40AF-9F6F-B4BC982100E9}"
	ProjectSection(SolutionItems) = preProject
		..\CMW_OUTPUT\Config\Language\en-us.xml = ..\CMW_OUTPUT\Config\Language\en-us.xml
		..\CMW_OUTPUT\Config\Language\zh-cn.xml = ..\CMW_OUTPUT\Config\Language\zh-cn.xml
	EndProjectSection
EndProject
Project("{FAE04EC0-301F-11D3-BF4B-00C04F79EFBC}") = "BGV7700", "..\BGV7700\BGV7700.csproj", "{D96EECD6-1EC7-47F4-B11F-8A5E83A43F6C}"
EndProject
Project("{2150E333-8FDC-42A3-9474-1A3956D46DE8}") = "Database", "Database", "{0DF509B0-34B1-4723-AC5B-88A53494066C}"
	ProjectSection(SolutionItems) = preProject
		..\CMW_OUTPUT\Data\BGAUTODATABASE.db = ..\CMW_OUTPUT\Data\BGAUTODATABASE.db
	EndProjectSection
EndProject
Project("{FAE04EC0-301F-11D3-BF4B-00C04F79EFBC}") = "BS2000", "..\BS2000\BS2000.csproj", "{5E1F6426-771B-46D1-91BC-1F879B988D6B}"
EndProject
Project("{FAE04EC0-301F-11D3-BF4B-00C04F79EFBC}") = "BGV6000", "..\BGV6000\BGV6000\BGV6000.csproj", "{B2FE953A-B557-4654-B4E4-F6C27C7557BF}"
EndProject
Project("{FAE04EC0-301F-11D3-BF4B-00C04F79EFBC}") = "FastCheck_vehicle", "..\BGV6000\FastCheck_vehicle\FastCheck_vehicle.csproj", "{9CFE0B79-EDFE-46F3-8C8E-ED3521704EAD}"
EndProject
Project("{FAE04EC0-301F-11D3-BF4B-00C04F79EFBC}") = "PassengerCar", "..\BGV3200\PassengerCar\PassengerCar.csproj", "{6633ACB7-0B73-49FA-9482-15A9C0BE6BCA}"
EndProject
Project("{FAE04EC0-301F-11D3-BF4B-00C04F79EFBC}") = "CombinedMovement_vehicle", "..\BGV6100\BegoodAccelator\CombinedMovement_vehicle\CombinedMovement_vehicle.csproj", "{30933B39-7068-4EFB-BB60-45D3AB12962C}"
EndProject
Project("{FAE04EC0-301F-11D3-BF4B-00C04F79EFBC}") = "BGV6100", "..\BGV6100\BGV6100\BGV6100.csproj", "{B1CF171B-B210-4C28-90E8-7725312A2E8D}"
EndProject
Project("{FAE04EC0-301F-11D3-BF4B-00C04F79EFBC}") = "BGV8000", "..\BGV8000\BGV8000\BGV8000.csproj", "{265F7B44-215C-409E-A2E7-4A2015572639}"
EndProject
Project("{FAE04EC0-301F-11D3-BF4B-00C04F79EFBC}") = "BGV7000", "..\老车载\BGV7000\BGV7000\BGV7000.csproj", "{E4319A3D-007B-4EE5-B400-D893E4C5EE54}"
EndProject
Project("{FAE04EC0-301F-11D3-BF4B-00C04F79EFBC}") = "SelfWorking_vehicle", "..\BGV7600\SelfWorking-vehicle\SelfWorking_vehicle.csproj", "{380EE2A7-FA66-483D-AEE5-F698731A3745}"
EndProject
Project("{FAE04EC0-301F-11D3-BF4B-00C04F79EFBC}") = "BGV5000", "..\BGV6100\BGV5000\BGV5000\BGV5000.csproj", "{A50576B4-08F2-4230-ACA2-F5156ACE9EA0}"
EndProject
Project("{FAE04EC0-301F-11D3-BF4B-00C04F79EFBC}") = "BGV5100", "..\BGV5100\BGV5100.csproj", "{207B7AA3-493B-480F-80B4-FF399A8A0707}"
EndProject
Project("{FAE04EC0-301F-11D3-BF4B-00C04F79EFBC}") = "BGV5100FH", "..\BGV5100FH\BGV5100FH.csproj", "{320492BD-91D5-4EF6-B112-F73D7FC26325}"
EndProject
Project("{FAE04EC0-301F-11D3-BF4B-00C04F79EFBC}") = "BGV6000BS", "..\BGV6000BS\BGV6000BS.csproj", "{613352B4-20B9-4F37-91BA-45557A37BD5A}"
EndProject
Global
	GlobalSection(SolutionConfigurationPlatforms) = preSolution
		Debug|Any CPU = Debug|Any CPU
		Debug|x64 = Debug|x64
		Debug|x86 = Debug|x86
		Release|Any CPU = Release|Any CPU
		Release|x64 = Release|x64
		Release|x86 = Release|x86
	EndGlobalSection
	GlobalSection(ProjectConfigurationPlatforms) = postSolution
		{EF82CFC6-F370-46F9-A5C7-0A9CC8597135}.Debug|Any CPU.ActiveCfg = Debug|Any CPU
		{EF82CFC6-F370-46F9-A5C7-0A9CC8597135}.Debug|Any CPU.Build.0 = Debug|Any CPU
		{EF82CFC6-F370-46F9-A5C7-0A9CC8597135}.Debug|x64.ActiveCfg = Debug|Any CPU
		{EF82CFC6-F370-46F9-A5C7-0A9CC8597135}.Debug|x64.Build.0 = Debug|Any CPU
		{EF82CFC6-F370-46F9-A5C7-0A9CC8597135}.Debug|x86.ActiveCfg = Debug|x86
		{EF82CFC6-F370-46F9-A5C7-0A9CC8597135}.Debug|x86.Build.0 = Debug|x86
		{EF82CFC6-F370-46F9-A5C7-0A9CC8597135}.Release|Any CPU.ActiveCfg = Release|Any CPU
		{EF82CFC6-F370-46F9-A5C7-0A9CC8597135}.Release|Any CPU.Build.0 = Release|Any CPU
		{EF82CFC6-F370-46F9-A5C7-0A9CC8597135}.Release|x64.ActiveCfg = Release|Any CPU
		{EF82CFC6-F370-46F9-A5C7-0A9CC8597135}.Release|x64.Build.0 = Release|Any CPU
		{EF82CFC6-F370-46F9-A5C7-0A9CC8597135}.Release|x86.ActiveCfg = Release|x86
		{EF82CFC6-F370-46F9-A5C7-0A9CC8597135}.Release|x86.Build.0 = Release|x86
		{900BB6ED-3D37-439B-9F36-4AC54C097E87}.Debug|Any CPU.ActiveCfg = Debug|Any CPU
		{900BB6ED-3D37-439B-9F36-4AC54C097E87}.Debug|Any CPU.Build.0 = Debug|Any CPU
		{900BB6ED-3D37-439B-9F36-4AC54C097E87}.Debug|x64.ActiveCfg = Debug|Any CPU
		{900BB6ED-3D37-439B-9F36-4AC54C097E87}.Debug|x64.Build.0 = Debug|Any CPU
		{900BB6ED-3D37-439B-9F36-4AC54C097E87}.Debug|x86.ActiveCfg = Debug|Any CPU
		{900BB6ED-3D37-439B-9F36-4AC54C097E87}.Debug|x86.Build.0 = Debug|Any CPU
		{900BB6ED-3D37-439B-9F36-4AC54C097E87}.Release|Any CPU.ActiveCfg = Release|Any CPU
		{900BB6ED-3D37-439B-9F36-4AC54C097E87}.Release|Any CPU.Build.0 = Release|Any CPU
		{900BB6ED-3D37-439B-9F36-4AC54C097E87}.Release|x64.ActiveCfg = Release|Any CPU
		{900BB6ED-3D37-439B-9F36-4AC54C097E87}.Release|x64.Build.0 = Release|Any CPU
		{900BB6ED-3D37-439B-9F36-4AC54C097E87}.Release|x86.ActiveCfg = Release|Any CPU
		{900BB6ED-3D37-439B-9F36-4AC54C097E87}.Release|x86.Build.0 = Release|Any CPU
		{645B93D5-826A-4648-9ED4-236EB460D470}.Debug|Any CPU.ActiveCfg = Debug|Any CPU
		{645B93D5-826A-4648-9ED4-236EB460D470}.Debug|Any CPU.Build.0 = Debug|Any CPU
		{645B93D5-826A-4648-9ED4-236EB460D470}.Debug|x64.ActiveCfg = Debug|Any CPU
		{645B93D5-826A-4648-9ED4-236EB460D470}.Debug|x64.Build.0 = Debug|Any CPU
		{645B93D5-826A-4648-9ED4-236EB460D470}.Debug|x86.ActiveCfg = Debug|Any CPU
		{645B93D5-826A-4648-9ED4-236EB460D470}.Debug|x86.Build.0 = Debug|Any CPU
		{645B93D5-826A-4648-9ED4-236EB460D470}.Release|Any CPU.ActiveCfg = Release|Any CPU
		{645B93D5-826A-4648-9ED4-236EB460D470}.Release|Any CPU.Build.0 = Release|Any CPU
		{645B93D5-826A-4648-9ED4-236EB460D470}.Release|x64.ActiveCfg = Release|Any CPU
		{645B93D5-826A-4648-9ED4-236EB460D470}.Release|x64.Build.0 = Release|Any CPU
		{645B93D5-826A-4648-9ED4-236EB460D470}.Release|x86.ActiveCfg = Release|Any CPU
		{645B93D5-826A-4648-9ED4-236EB460D470}.Release|x86.Build.0 = Release|Any CPU
		{27444610-0930-4F50-A25B-4AEB4B0F7E2C}.Debug|Any CPU.ActiveCfg = Debug|Any CPU
		{27444610-0930-4F50-A25B-4AEB4B0F7E2C}.Debug|Any CPU.Build.0 = Debug|Any CPU
		{27444610-0930-4F50-A25B-4AEB4B0F7E2C}.Debug|x64.ActiveCfg = Debug|Any CPU
		{27444610-0930-4F50-A25B-4AEB4B0F7E2C}.Debug|x64.Build.0 = Debug|Any CPU
		{27444610-0930-4F50-A25B-4AEB4B0F7E2C}.Debug|x86.ActiveCfg = Debug|Any CPU
		{27444610-0930-4F50-A25B-4AEB4B0F7E2C}.Debug|x86.Build.0 = Debug|Any CPU
		{27444610-0930-4F50-A25B-4AEB4B0F7E2C}.Release|Any CPU.ActiveCfg = Release|Any CPU
		{27444610-0930-4F50-A25B-4AEB4B0F7E2C}.Release|Any CPU.Build.0 = Release|Any CPU
		{27444610-0930-4F50-A25B-4AEB4B0F7E2C}.Release|x64.ActiveCfg = Release|Any CPU
		{27444610-0930-4F50-A25B-4AEB4B0F7E2C}.Release|x64.Build.0 = Release|Any CPU
		{27444610-0930-4F50-A25B-4AEB4B0F7E2C}.Release|x86.ActiveCfg = Release|Any CPU
		{27444610-0930-4F50-A25B-4AEB4B0F7E2C}.Release|x86.Build.0 = Release|Any CPU
		{1EBD915C-409C-47C5-BB7F-DEFC05727D8C}.Debug|Any CPU.ActiveCfg = Debug|Any CPU
		{1EBD915C-409C-47C5-BB7F-DEFC05727D8C}.Debug|Any CPU.Build.0 = Debug|Any CPU
		{1EBD915C-409C-47C5-BB7F-DEFC05727D8C}.Debug|x64.ActiveCfg = Debug|Any CPU
		{1EBD915C-409C-47C5-BB7F-DEFC05727D8C}.Debug|x64.Build.0 = Debug|Any CPU
		{1EBD915C-409C-47C5-BB7F-DEFC05727D8C}.Debug|x86.ActiveCfg = Debug|Any CPU
		{1EBD915C-409C-47C5-BB7F-DEFC05727D8C}.Debug|x86.Build.0 = Debug|Any CPU
		{1EBD915C-409C-47C5-BB7F-DEFC05727D8C}.Release|Any CPU.ActiveCfg = Release|Any CPU
		{1EBD915C-409C-47C5-BB7F-DEFC05727D8C}.Release|Any CPU.Build.0 = Release|Any CPU
		{1EBD915C-409C-47C5-BB7F-DEFC05727D8C}.Release|x64.ActiveCfg = Release|Any CPU
		{1EBD915C-409C-47C5-BB7F-DEFC05727D8C}.Release|x64.Build.0 = Release|Any CPU
		{1EBD915C-409C-47C5-BB7F-DEFC05727D8C}.Release|x86.ActiveCfg = Release|Any CPU
		{1EBD915C-409C-47C5-BB7F-DEFC05727D8C}.Release|x86.Build.0 = Release|Any CPU
		{4ADDC465-49D2-4053-9ABC-27902E30160F}.Debug|Any CPU.ActiveCfg = Debug|Any CPU
		{4ADDC465-49D2-4053-9ABC-27902E30160F}.Debug|Any CPU.Build.0 = Debug|Any CPU
		{4ADDC465-49D2-4053-9ABC-27902E30160F}.Debug|x64.ActiveCfg = Debug|Any CPU
		{4ADDC465-49D2-4053-9ABC-27902E30160F}.Debug|x64.Build.0 = Debug|Any CPU
		{4ADDC465-49D2-4053-9ABC-27902E30160F}.Debug|x86.ActiveCfg = Debug|Any CPU
		{4ADDC465-49D2-4053-9ABC-27902E30160F}.Debug|x86.Build.0 = Debug|Any CPU
		{4ADDC465-49D2-4053-9ABC-27902E30160F}.Release|Any CPU.ActiveCfg = Release|Any CPU
		{4ADDC465-49D2-4053-9ABC-27902E30160F}.Release|Any CPU.Build.0 = Release|Any CPU
		{4ADDC465-49D2-4053-9ABC-27902E30160F}.Release|x64.ActiveCfg = Release|Any CPU
		{4ADDC465-49D2-4053-9ABC-27902E30160F}.Release|x64.Build.0 = Release|Any CPU
		{4ADDC465-49D2-4053-9ABC-27902E30160F}.Release|x86.ActiveCfg = Release|Any CPU
		{4ADDC465-49D2-4053-9ABC-27902E30160F}.Release|x86.Build.0 = Release|Any CPU
		{0CA06051-36E0-44A8-8DD4-048BD3BC4096}.Debug|Any CPU.ActiveCfg = Debug|Any CPU
		{0CA06051-36E0-44A8-8DD4-048BD3BC4096}.Debug|Any CPU.Build.0 = Debug|Any CPU
		{0CA06051-36E0-44A8-8DD4-048BD3BC4096}.Debug|x64.ActiveCfg = Debug|Any CPU
		{0CA06051-36E0-44A8-8DD4-048BD3BC4096}.Debug|x64.Build.0 = Debug|Any CPU
		{0CA06051-36E0-44A8-8DD4-048BD3BC4096}.Debug|x86.ActiveCfg = Debug|Any CPU
		{0CA06051-36E0-44A8-8DD4-048BD3BC4096}.Debug|x86.Build.0 = Debug|Any CPU
		{0CA06051-36E0-44A8-8DD4-048BD3BC4096}.Release|Any CPU.ActiveCfg = Release|Any CPU
		{0CA06051-36E0-44A8-8DD4-048BD3BC4096}.Release|Any CPU.Build.0 = Release|Any CPU
		{0CA06051-36E0-44A8-8DD4-048BD3BC4096}.Release|x64.ActiveCfg = Release|Any CPU
		{0CA06051-36E0-44A8-8DD4-048BD3BC4096}.Release|x64.Build.0 = Release|Any CPU
		{0CA06051-36E0-44A8-8DD4-048BD3BC4096}.Release|x86.ActiveCfg = Release|Any CPU
		{0CA06051-36E0-44A8-8DD4-048BD3BC4096}.Release|x86.Build.0 = Release|Any CPU
		{7AEC81BE-A119-4C5F-9D74-CAE8EBBDF0C7}.Debug|Any CPU.ActiveCfg = Debug|Any CPU
		{7AEC81BE-A119-4C5F-9D74-CAE8EBBDF0C7}.Debug|Any CPU.Build.0 = Debug|Any CPU
		{7AEC81BE-A119-4C5F-9D74-CAE8EBBDF0C7}.Debug|x64.ActiveCfg = Debug|Any CPU
		{7AEC81BE-A119-4C5F-9D74-CAE8EBBDF0C7}.Debug|x64.Build.0 = Debug|Any CPU
		{7AEC81BE-A119-4C5F-9D74-CAE8EBBDF0C7}.Debug|x86.ActiveCfg = Debug|Any CPU
		{7AEC81BE-A119-4C5F-9D74-CAE8EBBDF0C7}.Debug|x86.Build.0 = Debug|Any CPU
		{7AEC81BE-A119-4C5F-9D74-CAE8EBBDF0C7}.Release|Any CPU.ActiveCfg = Release|Any CPU
		{7AEC81BE-A119-4C5F-9D74-CAE8EBBDF0C7}.Release|Any CPU.Build.0 = Release|Any CPU
		{7AEC81BE-A119-4C5F-9D74-CAE8EBBDF0C7}.Release|x64.ActiveCfg = Release|Any CPU
		{7AEC81BE-A119-4C5F-9D74-CAE8EBBDF0C7}.Release|x64.Build.0 = Release|Any CPU
		{7AEC81BE-A119-4C5F-9D74-CAE8EBBDF0C7}.Release|x86.ActiveCfg = Release|Any CPU
		{7AEC81BE-A119-4C5F-9D74-CAE8EBBDF0C7}.Release|x86.Build.0 = Release|Any CPU
		{5F945592-982A-4256-BFFA-4FF57C1FC0A5}.Debug|Any CPU.ActiveCfg = Debug|Any CPU
		{5F945592-982A-4256-BFFA-4FF57C1FC0A5}.Debug|Any CPU.Build.0 = Debug|Any CPU
		{5F945592-982A-4256-BFFA-4FF57C1FC0A5}.Debug|x64.ActiveCfg = Debug|Any CPU
		{5F945592-982A-4256-BFFA-4FF57C1FC0A5}.Debug|x64.Build.0 = Debug|Any CPU
		{5F945592-982A-4256-BFFA-4FF57C1FC0A5}.Debug|x86.ActiveCfg = Debug|Any CPU
		{5F945592-982A-4256-BFFA-4FF57C1FC0A5}.Debug|x86.Build.0 = Debug|Any CPU
		{5F945592-982A-4256-BFFA-4FF57C1FC0A5}.Release|Any CPU.ActiveCfg = Release|Any CPU
		{5F945592-982A-4256-BFFA-4FF57C1FC0A5}.Release|Any CPU.Build.0 = Release|Any CPU
		{5F945592-982A-4256-BFFA-4FF57C1FC0A5}.Release|x64.ActiveCfg = Release|Any CPU
		{5F945592-982A-4256-BFFA-4FF57C1FC0A5}.Release|x64.Build.0 = Release|Any CPU
		{5F945592-982A-4256-BFFA-4FF57C1FC0A5}.Release|x86.ActiveCfg = Release|Any CPU
		{5F945592-982A-4256-BFFA-4FF57C1FC0A5}.Release|x86.Build.0 = Release|Any CPU
		{5777C638-5392-49AE-883B-483CF825592D}.Debug|Any CPU.ActiveCfg = Debug|Any CPU
		{5777C638-5392-49AE-883B-483CF825592D}.Debug|Any CPU.Build.0 = Debug|Any CPU
		{5777C638-5392-49AE-883B-483CF825592D}.Debug|x64.ActiveCfg = Debug|x64
		{5777C638-5392-49AE-883B-483CF825592D}.Debug|x64.Build.0 = Debug|x64
		{5777C638-5392-49AE-883B-483CF825592D}.Debug|x86.ActiveCfg = Debug|x86
		{5777C638-5392-49AE-883B-483CF825592D}.Debug|x86.Build.0 = Debug|x86
		{5777C638-5392-49AE-883B-483CF825592D}.Release|Any CPU.ActiveCfg = Release|Any CPU
		{5777C638-5392-49AE-883B-483CF825592D}.Release|Any CPU.Build.0 = Release|Any CPU
		{5777C638-5392-49AE-883B-483CF825592D}.Release|x64.ActiveCfg = Release|x64
		{5777C638-5392-49AE-883B-483CF825592D}.Release|x64.Build.0 = Release|x64
		{5777C638-5392-49AE-883B-483CF825592D}.Release|x86.ActiveCfg = Release|x86
		{5777C638-5392-49AE-883B-483CF825592D}.Release|x86.Build.0 = Release|x86
		{A7B3970D-08F0-48A2-A74B-0A4391CECE3C}.Debug|Any CPU.ActiveCfg = Debug|Any CPU
		{A7B3970D-08F0-48A2-A74B-0A4391CECE3C}.Debug|Any CPU.Build.0 = Debug|Any CPU
		{A7B3970D-08F0-48A2-A74B-0A4391CECE3C}.Debug|x64.ActiveCfg = Debug|Any CPU
		{A7B3970D-08F0-48A2-A74B-0A4391CECE3C}.Debug|x64.Build.0 = Debug|Any CPU
		{A7B3970D-08F0-48A2-A74B-0A4391CECE3C}.Debug|x86.ActiveCfg = Debug|Any CPU
		{A7B3970D-08F0-48A2-A74B-0A4391CECE3C}.Debug|x86.Build.0 = Debug|Any CPU
		{A7B3970D-08F0-48A2-A74B-0A4391CECE3C}.Release|Any CPU.ActiveCfg = Release|Any CPU
		{A7B3970D-08F0-48A2-A74B-0A4391CECE3C}.Release|Any CPU.Build.0 = Release|Any CPU
		{A7B3970D-08F0-48A2-A74B-0A4391CECE3C}.Release|x64.ActiveCfg = Release|Any CPU
		{A7B3970D-08F0-48A2-A74B-0A4391CECE3C}.Release|x64.Build.0 = Release|Any CPU
		{A7B3970D-08F0-48A2-A74B-0A4391CECE3C}.Release|x86.ActiveCfg = Release|Any CPU
		{A7B3970D-08F0-48A2-A74B-0A4391CECE3C}.Release|x86.Build.0 = Release|Any CPU
		{436D3C32-CB50-4DFF-BC4C-AC19A4C8596F}.Debug|Any CPU.ActiveCfg = Debug|Any CPU
		{436D3C32-CB50-4DFF-BC4C-AC19A4C8596F}.Debug|Any CPU.Build.0 = Debug|Any CPU
		{436D3C32-CB50-4DFF-BC4C-AC19A4C8596F}.Debug|x64.ActiveCfg = Debug|Any CPU
		{436D3C32-CB50-4DFF-BC4C-AC19A4C8596F}.Debug|x64.Build.0 = Debug|Any CPU
		{436D3C32-CB50-4DFF-BC4C-AC19A4C8596F}.Debug|x86.ActiveCfg = Debug|Any CPU
		{436D3C32-CB50-4DFF-BC4C-AC19A4C8596F}.Debug|x86.Build.0 = Debug|Any CPU
		{436D3C32-CB50-4DFF-BC4C-AC19A4C8596F}.Release|Any CPU.ActiveCfg = Release|Any CPU
		{436D3C32-CB50-4DFF-BC4C-AC19A4C8596F}.Release|Any CPU.Build.0 = Release|Any CPU
		{436D3C32-CB50-4DFF-BC4C-AC19A4C8596F}.Release|x64.ActiveCfg = Release|Any CPU
		{436D3C32-CB50-4DFF-BC4C-AC19A4C8596F}.Release|x64.Build.0 = Release|Any CPU
		{436D3C32-CB50-4DFF-BC4C-AC19A4C8596F}.Release|x86.ActiveCfg = Release|Any CPU
		{436D3C32-CB50-4DFF-BC4C-AC19A4C8596F}.Release|x86.Build.0 = Release|Any CPU
		{8DA50BCA-5C1E-4333-823E-F87F549F0DA5}.Debug|Any CPU.ActiveCfg = Debug|Any CPU
		{8DA50BCA-5C1E-4333-823E-F87F549F0DA5}.Debug|Any CPU.Build.0 = Debug|Any CPU
		{8DA50BCA-5C1E-4333-823E-F87F549F0DA5}.Debug|x64.ActiveCfg = Debug|Any CPU
		{8DA50BCA-5C1E-4333-823E-F87F549F0DA5}.Debug|x64.Build.0 = Debug|Any CPU
		{8DA50BCA-5C1E-4333-823E-F87F549F0DA5}.Debug|x86.ActiveCfg = Debug|Any CPU
		{8DA50BCA-5C1E-4333-823E-F87F549F0DA5}.Debug|x86.Build.0 = Debug|Any CPU
		{8DA50BCA-5C1E-4333-823E-F87F549F0DA5}.Release|Any CPU.ActiveCfg = Release|Any CPU
		{8DA50BCA-5C1E-4333-823E-F87F549F0DA5}.Release|Any CPU.Build.0 = Release|Any CPU
		{8DA50BCA-5C1E-4333-823E-F87F549F0DA5}.Release|x64.ActiveCfg = Release|Any CPU
		{8DA50BCA-5C1E-4333-823E-F87F549F0DA5}.Release|x64.Build.0 = Release|Any CPU
		{8DA50BCA-5C1E-4333-823E-F87F549F0DA5}.Release|x86.ActiveCfg = Release|Any CPU
		{8DA50BCA-5C1E-4333-823E-F87F549F0DA5}.Release|x86.Build.0 = Release|Any CPU
		{C45BED8E-9AFA-456B-B58C-3FD78FDF1A90}.Debug|Any CPU.ActiveCfg = Debug|Any CPU
		{C45BED8E-9AFA-456B-B58C-3FD78FDF1A90}.Debug|Any CPU.Build.0 = Debug|Any CPU
		{C45BED8E-9AFA-456B-B58C-3FD78FDF1A90}.Debug|x64.ActiveCfg = Debug|Any CPU
		{C45BED8E-9AFA-456B-B58C-3FD78FDF1A90}.Debug|x64.Build.0 = Debug|Any CPU
		{C45BED8E-9AFA-456B-B58C-3FD78FDF1A90}.Debug|x86.ActiveCfg = Debug|Any CPU
		{C45BED8E-9AFA-456B-B58C-3FD78FDF1A90}.Debug|x86.Build.0 = Debug|Any CPU
		{C45BED8E-9AFA-456B-B58C-3FD78FDF1A90}.Release|Any CPU.ActiveCfg = Release|Any CPU
		{C45BED8E-9AFA-456B-B58C-3FD78FDF1A90}.Release|Any CPU.Build.0 = Release|Any CPU
		{C45BED8E-9AFA-456B-B58C-3FD78FDF1A90}.Release|x64.ActiveCfg = Release|Any CPU
		{C45BED8E-9AFA-456B-B58C-3FD78FDF1A90}.Release|x64.Build.0 = Release|Any CPU
		{C45BED8E-9AFA-456B-B58C-3FD78FDF1A90}.Release|x86.ActiveCfg = Release|Any CPU
		{C45BED8E-9AFA-456B-B58C-3FD78FDF1A90}.Release|x86.Build.0 = Release|Any CPU
		{31DBD45C-E7A6-4C1F-9BE4-C8083C96A3B9}.Debug|Any CPU.ActiveCfg = Debug|Any CPU
		{31DBD45C-E7A6-4C1F-9BE4-C8083C96A3B9}.Debug|Any CPU.Build.0 = Debug|Any CPU
		{31DBD45C-E7A6-4C1F-9BE4-C8083C96A3B9}.Debug|x64.ActiveCfg = Debug|Any CPU
		{31DBD45C-E7A6-4C1F-9BE4-C8083C96A3B9}.Debug|x64.Build.0 = Debug|Any CPU
		{31DBD45C-E7A6-4C1F-9BE4-C8083C96A3B9}.Debug|x86.ActiveCfg = Debug|Any CPU
		{31DBD45C-E7A6-4C1F-9BE4-C8083C96A3B9}.Debug|x86.Build.0 = Debug|Any CPU
		{31DBD45C-E7A6-4C1F-9BE4-C8083C96A3B9}.Release|Any CPU.ActiveCfg = Release|Any CPU
		{31DBD45C-E7A6-4C1F-9BE4-C8083C96A3B9}.Release|Any CPU.Build.0 = Release|Any CPU
		{31DBD45C-E7A6-4C1F-9BE4-C8083C96A3B9}.Release|x64.ActiveCfg = Release|Any CPU
		{31DBD45C-E7A6-4C1F-9BE4-C8083C96A3B9}.Release|x64.Build.0 = Release|Any CPU
		{31DBD45C-E7A6-4C1F-9BE4-C8083C96A3B9}.Release|x86.ActiveCfg = Release|Any CPU
		{31DBD45C-E7A6-4C1F-9BE4-C8083C96A3B9}.Release|x86.Build.0 = Release|Any CPU
		{386F8366-73B9-45EC-8ED5-B9CBA8E291BA}.Debug|Any CPU.ActiveCfg = Debug|Any CPU
		{386F8366-73B9-45EC-8ED5-B9CBA8E291BA}.Debug|Any CPU.Build.0 = Debug|Any CPU
		{386F8366-73B9-45EC-8ED5-B9CBA8E291BA}.Debug|x64.ActiveCfg = Debug|Any CPU
		{386F8366-73B9-45EC-8ED5-B9CBA8E291BA}.Debug|x64.Build.0 = Debug|Any CPU
		{386F8366-73B9-45EC-8ED5-B9CBA8E291BA}.Debug|x86.ActiveCfg = Debug|Any CPU
		{386F8366-73B9-45EC-8ED5-B9CBA8E291BA}.Debug|x86.Build.0 = Debug|Any CPU
		{386F8366-73B9-45EC-8ED5-B9CBA8E291BA}.Release|Any CPU.ActiveCfg = Release|Any CPU
		{386F8366-73B9-45EC-8ED5-B9CBA8E291BA}.Release|Any CPU.Build.0 = Release|Any CPU
		{386F8366-73B9-45EC-8ED5-B9CBA8E291BA}.Release|x64.ActiveCfg = Release|Any CPU
		{386F8366-73B9-45EC-8ED5-B9CBA8E291BA}.Release|x64.Build.0 = Release|Any CPU
		{386F8366-73B9-45EC-8ED5-B9CBA8E291BA}.Release|x86.ActiveCfg = Release|Any CPU
		{386F8366-73B9-45EC-8ED5-B9CBA8E291BA}.Release|x86.Build.0 = Release|Any CPU
		{545F1073-5269-47DD-8543-D56DEF0B739F}.Debug|Any CPU.ActiveCfg = Debug|Any CPU
		{545F1073-5269-47DD-8543-D56DEF0B739F}.Debug|Any CPU.Build.0 = Debug|Any CPU
		{545F1073-5269-47DD-8543-D56DEF0B739F}.Debug|x64.ActiveCfg = Debug|Any CPU
		{545F1073-5269-47DD-8543-D56DEF0B739F}.Debug|x64.Build.0 = Debug|Any CPU
		{545F1073-5269-47DD-8543-D56DEF0B739F}.Debug|x86.ActiveCfg = Debug|Any CPU
		{545F1073-5269-47DD-8543-D56DEF0B739F}.Debug|x86.Build.0 = Debug|Any CPU
		{545F1073-5269-47DD-8543-D56DEF0B739F}.Release|Any CPU.ActiveCfg = Release|Any CPU
		{545F1073-5269-47DD-8543-D56DEF0B739F}.Release|Any CPU.Build.0 = Release|Any CPU
		{545F1073-5269-47DD-8543-D56DEF0B739F}.Release|x64.ActiveCfg = Release|Any CPU
		{545F1073-5269-47DD-8543-D56DEF0B739F}.Release|x64.Build.0 = Release|Any CPU
		{545F1073-5269-47DD-8543-D56DEF0B739F}.Release|x86.ActiveCfg = Release|Any CPU
		{545F1073-5269-47DD-8543-D56DEF0B739F}.Release|x86.Build.0 = Release|Any CPU
		{D96EECD6-1EC7-47F4-B11F-8A5E83A43F6C}.Debug|Any CPU.ActiveCfg = Debug|Any CPU
		{D96EECD6-1EC7-47F4-B11F-8A5E83A43F6C}.Debug|Any CPU.Build.0 = Debug|Any CPU
		{D96EECD6-1EC7-47F4-B11F-8A5E83A43F6C}.Debug|x64.ActiveCfg = Debug|Any CPU
		{D96EECD6-1EC7-47F4-B11F-8A5E83A43F6C}.Debug|x64.Build.0 = Debug|Any CPU
		{D96EECD6-1EC7-47F4-B11F-8A5E83A43F6C}.Debug|x86.ActiveCfg = Debug|Any CPU
		{D96EECD6-1EC7-47F4-B11F-8A5E83A43F6C}.Debug|x86.Build.0 = Debug|Any CPU
		{D96EECD6-1EC7-47F4-B11F-8A5E83A43F6C}.Release|Any CPU.ActiveCfg = Release|Any CPU
		{D96EECD6-1EC7-47F4-B11F-8A5E83A43F6C}.Release|Any CPU.Build.0 = Release|Any CPU
		{D96EECD6-1EC7-47F4-B11F-8A5E83A43F6C}.Release|x64.ActiveCfg = Release|Any CPU
		{D96EECD6-1EC7-47F4-B11F-8A5E83A43F6C}.Release|x64.Build.0 = Release|Any CPU
		{D96EECD6-1EC7-47F4-B11F-8A5E83A43F6C}.Release|x86.ActiveCfg = Release|Any CPU
		{D96EECD6-1EC7-47F4-B11F-8A5E83A43F6C}.Release|x86.Build.0 = Release|Any CPU
		{5E1F6426-771B-46D1-91BC-1F879B988D6B}.Debug|Any CPU.ActiveCfg = Debug|Any CPU
		{5E1F6426-771B-46D1-91BC-1F879B988D6B}.Debug|Any CPU.Build.0 = Debug|Any CPU
		{5E1F6426-771B-46D1-91BC-1F879B988D6B}.Debug|x64.ActiveCfg = Debug|Any CPU
		{5E1F6426-771B-46D1-91BC-1F879B988D6B}.Debug|x64.Build.0 = Debug|Any CPU
		{5E1F6426-771B-46D1-91BC-1F879B988D6B}.Debug|x86.ActiveCfg = Debug|Any CPU
		{5E1F6426-771B-46D1-91BC-1F879B988D6B}.Debug|x86.Build.0 = Debug|Any CPU
		{5E1F6426-771B-46D1-91BC-1F879B988D6B}.Release|Any CPU.ActiveCfg = Release|Any CPU
		{5E1F6426-771B-46D1-91BC-1F879B988D6B}.Release|Any CPU.Build.0 = Release|Any CPU
		{5E1F6426-771B-46D1-91BC-1F879B988D6B}.Release|x64.ActiveCfg = Release|Any CPU
		{5E1F6426-771B-46D1-91BC-1F879B988D6B}.Release|x64.Build.0 = Release|Any CPU
		{5E1F6426-771B-46D1-91BC-1F879B988D6B}.Release|x86.ActiveCfg = Release|Any CPU
		{5E1F6426-771B-46D1-91BC-1F879B988D6B}.Release|x86.Build.0 = Release|Any CPU
		{B2FE953A-B557-4654-B4E4-F6C27C7557BF}.Debug|Any CPU.ActiveCfg = Debug|Any CPU
		{B2FE953A-B557-4654-B4E4-F6C27C7557BF}.Debug|Any CPU.Build.0 = Debug|Any CPU
		{B2FE953A-B557-4654-B4E4-F6C27C7557BF}.Debug|x64.ActiveCfg = Debug|Any CPU
		{B2FE953A-B557-4654-B4E4-F6C27C7557BF}.Debug|x64.Build.0 = Debug|Any CPU
		{B2FE953A-B557-4654-B4E4-F6C27C7557BF}.Debug|x86.ActiveCfg = Debug|Any CPU
		{B2FE953A-B557-4654-B4E4-F6C27C7557BF}.Debug|x86.Build.0 = Debug|Any CPU
		{B2FE953A-B557-4654-B4E4-F6C27C7557BF}.Release|Any CPU.ActiveCfg = Release|Any CPU
		{B2FE953A-B557-4654-B4E4-F6C27C7557BF}.Release|Any CPU.Build.0 = Release|Any CPU
		{B2FE953A-B557-4654-B4E4-F6C27C7557BF}.Release|x64.ActiveCfg = Release|Any CPU
		{B2FE953A-B557-4654-B4E4-F6C27C7557BF}.Release|x64.Build.0 = Release|Any CPU
		{B2FE953A-B557-4654-B4E4-F6C27C7557BF}.Release|x86.ActiveCfg = Release|Any CPU
		{B2FE953A-B557-4654-B4E4-F6C27C7557BF}.Release|x86.Build.0 = Release|Any CPU
		{9CFE0B79-EDFE-46F3-8C8E-ED3521704EAD}.Debug|Any CPU.ActiveCfg = Debug|Any CPU
		{9CFE0B79-EDFE-46F3-8C8E-ED3521704EAD}.Debug|Any CPU.Build.0 = Debug|Any CPU
		{9CFE0B79-EDFE-46F3-8C8E-ED3521704EAD}.Debug|x64.ActiveCfg = Debug|Any CPU
		{9CFE0B79-EDFE-46F3-8C8E-ED3521704EAD}.Debug|x64.Build.0 = Debug|Any CPU
		{9CFE0B79-EDFE-46F3-8C8E-ED3521704EAD}.Debug|x86.ActiveCfg = Debug|Any CPU
		{9CFE0B79-EDFE-46F3-8C8E-ED3521704EAD}.Debug|x86.Build.0 = Debug|Any CPU
		{9CFE0B79-EDFE-46F3-8C8E-ED3521704EAD}.Release|Any CPU.ActiveCfg = Release|Any CPU
		{9CFE0B79-EDFE-46F3-8C8E-ED3521704EAD}.Release|Any CPU.Build.0 = Release|Any CPU
		{9CFE0B79-EDFE-46F3-8C8E-ED3521704EAD}.Release|x64.ActiveCfg = Release|Any CPU
		{9CFE0B79-EDFE-46F3-8C8E-ED3521704EAD}.Release|x64.Build.0 = Release|Any CPU
		{9CFE0B79-EDFE-46F3-8C8E-ED3521704EAD}.Release|x86.ActiveCfg = Release|Any CPU
		{9CFE0B79-EDFE-46F3-8C8E-ED3521704EAD}.Release|x86.Build.0 = Release|Any CPU
		{6633ACB7-0B73-49FA-9482-15A9C0BE6BCA}.Debug|Any CPU.ActiveCfg = Debug|Any CPU
		{6633ACB7-0B73-49FA-9482-15A9C0BE6BCA}.Debug|Any CPU.Build.0 = Debug|Any CPU
		{6633ACB7-0B73-49FA-9482-15A9C0BE6BCA}.Debug|x64.ActiveCfg = Debug|Any CPU
		{6633ACB7-0B73-49FA-9482-15A9C0BE6BCA}.Debug|x64.Build.0 = Debug|Any CPU
		{6633ACB7-0B73-49FA-9482-15A9C0BE6BCA}.Debug|x86.ActiveCfg = Debug|Any CPU
		{6633ACB7-0B73-49FA-9482-15A9C0BE6BCA}.Debug|x86.Build.0 = Debug|Any CPU
		{6633ACB7-0B73-49FA-9482-15A9C0BE6BCA}.Release|Any CPU.ActiveCfg = Release|Any CPU
		{6633ACB7-0B73-49FA-9482-15A9C0BE6BCA}.Release|Any CPU.Build.0 = Release|Any CPU
		{6633ACB7-0B73-49FA-9482-15A9C0BE6BCA}.Release|x64.ActiveCfg = Release|Any CPU
		{6633ACB7-0B73-49FA-9482-15A9C0BE6BCA}.Release|x64.Build.0 = Release|Any CPU
		{6633ACB7-0B73-49FA-9482-15A9C0BE6BCA}.Release|x86.ActiveCfg = Release|Any CPU
		{6633ACB7-0B73-49FA-9482-15A9C0BE6BCA}.Release|x86.Build.0 = Release|Any CPU
		{30933B39-7068-4EFB-BB60-45D3AB12962C}.Debug|Any CPU.ActiveCfg = Debug|Any CPU
		{30933B39-7068-4EFB-BB60-45D3AB12962C}.Debug|Any CPU.Build.0 = Debug|Any CPU
		{30933B39-7068-4EFB-BB60-45D3AB12962C}.Debug|x64.ActiveCfg = Debug|Any CPU
		{30933B39-7068-4EFB-BB60-45D3AB12962C}.Debug|x64.Build.0 = Debug|Any CPU
		{30933B39-7068-4EFB-BB60-45D3AB12962C}.Debug|x86.ActiveCfg = Debug|Any CPU
		{30933B39-7068-4EFB-BB60-45D3AB12962C}.Debug|x86.Build.0 = Debug|Any CPU
		{30933B39-7068-4EFB-BB60-45D3AB12962C}.Release|Any CPU.ActiveCfg = Release|Any CPU
		{30933B39-7068-4EFB-BB60-45D3AB12962C}.Release|Any CPU.Build.0 = Release|Any CPU
		{30933B39-7068-4EFB-BB60-45D3AB12962C}.Release|x64.ActiveCfg = Release|Any CPU
		{30933B39-7068-4EFB-BB60-45D3AB12962C}.Release|x64.Build.0 = Release|Any CPU
		{30933B39-7068-4EFB-BB60-45D3AB12962C}.Release|x86.ActiveCfg = Release|Any CPU
		{30933B39-7068-4EFB-BB60-45D3AB12962C}.Release|x86.Build.0 = Release|Any CPU
		{B1CF171B-B210-4C28-90E8-7725312A2E8D}.Debug|Any CPU.ActiveCfg = Debug|Any CPU
		{B1CF171B-B210-4C28-90E8-7725312A2E8D}.Debug|Any CPU.Build.0 = Debug|Any CPU
		{B1CF171B-B210-4C28-90E8-7725312A2E8D}.Debug|x64.ActiveCfg = Debug|Any CPU
		{B1CF171B-B210-4C28-90E8-7725312A2E8D}.Debug|x64.Build.0 = Debug|Any CPU
		{B1CF171B-B210-4C28-90E8-7725312A2E8D}.Debug|x86.ActiveCfg = Debug|Any CPU
		{B1CF171B-B210-4C28-90E8-7725312A2E8D}.Debug|x86.Build.0 = Debug|Any CPU
		{B1CF171B-B210-4C28-90E8-7725312A2E8D}.Release|Any CPU.ActiveCfg = Release|Any CPU
		{B1CF171B-B210-4C28-90E8-7725312A2E8D}.Release|Any CPU.Build.0 = Release|Any CPU
		{B1CF171B-B210-4C28-90E8-7725312A2E8D}.Release|x64.ActiveCfg = Release|Any CPU
		{B1CF171B-B210-4C28-90E8-7725312A2E8D}.Release|x64.Build.0 = Release|Any CPU
		{B1CF171B-B210-4C28-90E8-7725312A2E8D}.Release|x86.ActiveCfg = Release|Any CPU
		{B1CF171B-B210-4C28-90E8-7725312A2E8D}.Release|x86.Build.0 = Release|Any CPU
		{265F7B44-215C-409E-A2E7-4A2015572639}.Debug|Any CPU.ActiveCfg = Debug|Any CPU
		{265F7B44-215C-409E-A2E7-4A2015572639}.Debug|Any CPU.Build.0 = Debug|Any CPU
		{265F7B44-215C-409E-A2E7-4A2015572639}.Debug|x64.ActiveCfg = Debug|Any CPU
		{265F7B44-215C-409E-A2E7-4A2015572639}.Debug|x64.Build.0 = Debug|Any CPU
		{265F7B44-215C-409E-A2E7-4A2015572639}.Debug|x86.ActiveCfg = Debug|Any CPU
		{265F7B44-215C-409E-A2E7-4A2015572639}.Debug|x86.Build.0 = Debug|Any CPU
		{265F7B44-215C-409E-A2E7-4A2015572639}.Release|Any CPU.ActiveCfg = Release|Any CPU
		{265F7B44-215C-409E-A2E7-4A2015572639}.Release|Any CPU.Build.0 = Release|Any CPU
		{265F7B44-215C-409E-A2E7-4A2015572639}.Release|x64.ActiveCfg = Release|Any CPU
		{265F7B44-215C-409E-A2E7-4A2015572639}.Release|x64.Build.0 = Release|Any CPU
		{265F7B44-215C-409E-A2E7-4A2015572639}.Release|x86.ActiveCfg = Release|Any CPU
		{265F7B44-215C-409E-A2E7-4A2015572639}.Release|x86.Build.0 = Release|Any CPU
		{E4319A3D-007B-4EE5-B400-D893E4C5EE54}.Debug|Any CPU.ActiveCfg = Debug|Any CPU
		{E4319A3D-007B-4EE5-B400-D893E4C5EE54}.Debug|Any CPU.Build.0 = Debug|Any CPU
		{E4319A3D-007B-4EE5-B400-D893E4C5EE54}.Debug|x64.ActiveCfg = Debug|Any CPU
		{E4319A3D-007B-4EE5-B400-D893E4C5EE54}.Debug|x64.Build.0 = Debug|Any CPU
		{E4319A3D-007B-4EE5-B400-D893E4C5EE54}.Debug|x86.ActiveCfg = Debug|Any CPU
		{E4319A3D-007B-4EE5-B400-D893E4C5EE54}.Debug|x86.Build.0 = Debug|Any CPU
		{E4319A3D-007B-4EE5-B400-D893E4C5EE54}.Release|Any CPU.ActiveCfg = Release|Any CPU
		{E4319A3D-007B-4EE5-B400-D893E4C5EE54}.Release|Any CPU.Build.0 = Release|Any CPU
		{E4319A3D-007B-4EE5-B400-D893E4C5EE54}.Release|x64.ActiveCfg = Release|Any CPU
		{E4319A3D-007B-4EE5-B400-D893E4C5EE54}.Release|x64.Build.0 = Release|Any CPU
		{E4319A3D-007B-4EE5-B400-D893E4C5EE54}.Release|x86.ActiveCfg = Release|Any CPU
		{E4319A3D-007B-4EE5-B400-D893E4C5EE54}.Release|x86.Build.0 = Release|Any CPU
		{380EE2A7-FA66-483D-AEE5-F698731A3745}.Debug|Any CPU.ActiveCfg = Debug|Any CPU
		{380EE2A7-FA66-483D-AEE5-F698731A3745}.Debug|Any CPU.Build.0 = Debug|Any CPU
		{380EE2A7-FA66-483D-AEE5-F698731A3745}.Debug|x64.ActiveCfg = Debug|Any CPU
		{380EE2A7-FA66-483D-AEE5-F698731A3745}.Debug|x64.Build.0 = Debug|Any CPU
		{380EE2A7-FA66-483D-AEE5-F698731A3745}.Debug|x86.ActiveCfg = Debug|Any CPU
		{380EE2A7-FA66-483D-AEE5-F698731A3745}.Debug|x86.Build.0 = Debug|Any CPU
		{380EE2A7-FA66-483D-AEE5-F698731A3745}.Release|Any CPU.ActiveCfg = Release|Any CPU
		{380EE2A7-FA66-483D-AEE5-F698731A3745}.Release|Any CPU.Build.0 = Release|Any CPU
		{380EE2A7-FA66-483D-AEE5-F698731A3745}.Release|x64.ActiveCfg = Release|Any CPU
		{380EE2A7-FA66-483D-AEE5-F698731A3745}.Release|x64.Build.0 = Release|Any CPU
		{380EE2A7-FA66-483D-AEE5-F698731A3745}.Release|x86.ActiveCfg = Release|Any CPU
		{380EE2A7-FA66-483D-AEE5-F698731A3745}.Release|x86.Build.0 = Release|Any CPU
		{A50576B4-08F2-4230-ACA2-F5156ACE9EA0}.Debug|Any CPU.ActiveCfg = Debug|Any CPU
		{A50576B4-08F2-4230-ACA2-F5156ACE9EA0}.Debug|Any CPU.Build.0 = Debug|Any CPU
		{A50576B4-08F2-4230-ACA2-F5156ACE9EA0}.Debug|x64.ActiveCfg = Debug|Any CPU
		{A50576B4-08F2-4230-ACA2-F5156ACE9EA0}.Debug|x64.Build.0 = Debug|Any CPU
		{A50576B4-08F2-4230-ACA2-F5156ACE9EA0}.Debug|x86.ActiveCfg = Debug|Any CPU
		{A50576B4-08F2-4230-ACA2-F5156ACE9EA0}.Debug|x86.Build.0 = Debug|Any CPU
		{A50576B4-08F2-4230-ACA2-F5156ACE9EA0}.Release|Any CPU.ActiveCfg = Release|Any CPU
		{A50576B4-08F2-4230-ACA2-F5156ACE9EA0}.Release|Any CPU.Build.0 = Release|Any CPU
		{A50576B4-08F2-4230-ACA2-F5156ACE9EA0}.Release|x64.ActiveCfg = Release|Any CPU
		{A50576B4-08F2-4230-ACA2-F5156ACE9EA0}.Release|x64.Build.0 = Release|Any CPU
		{A50576B4-08F2-4230-ACA2-F5156ACE9EA0}.Release|x86.ActiveCfg = Release|Any CPU
		{A50576B4-08F2-4230-ACA2-F5156ACE9EA0}.Release|x86.Build.0 = Release|Any CPU
		{207B7AA3-493B-480F-80B4-FF399A8A0707}.Debug|Any CPU.ActiveCfg = Debug|Any CPU
		{207B7AA3-493B-480F-80B4-FF399A8A0707}.Debug|Any CPU.Build.0 = Debug|Any CPU
		{207B7AA3-493B-480F-80B4-FF399A8A0707}.Debug|x64.ActiveCfg = Debug|Any CPU
		{207B7AA3-493B-480F-80B4-FF399A8A0707}.Debug|x64.Build.0 = Debug|Any CPU
		{207B7AA3-493B-480F-80B4-FF399A8A0707}.Debug|x86.ActiveCfg = Debug|Any CPU
		{207B7AA3-493B-480F-80B4-FF399A8A0707}.Debug|x86.Build.0 = Debug|Any CPU
		{207B7AA3-493B-480F-80B4-FF399A8A0707}.Release|Any CPU.ActiveCfg = Release|Any CPU
		{207B7AA3-493B-480F-80B4-FF399A8A0707}.Release|Any CPU.Build.0 = Release|Any CPU
		{207B7AA3-493B-480F-80B4-FF399A8A0707}.Release|x64.ActiveCfg = Release|Any CPU
		{207B7AA3-493B-480F-80B4-FF399A8A0707}.Release|x64.Build.0 = Release|Any CPU
		{207B7AA3-493B-480F-80B4-FF399A8A0707}.Release|x86.ActiveCfg = Release|Any CPU
		{207B7AA3-493B-480F-80B4-FF399A8A0707}.Release|x86.Build.0 = Release|Any CPU
		{320492BD-91D5-4EF6-B112-F73D7FC26325}.Debug|Any CPU.ActiveCfg = Debug|Any CPU
		{320492BD-91D5-4EF6-B112-F73D7FC26325}.Debug|Any CPU.Build.0 = Debug|Any CPU
		{320492BD-91D5-4EF6-B112-F73D7FC26325}.Debug|x64.ActiveCfg = Debug|Any CPU
		{320492BD-91D5-4EF6-B112-F73D7FC26325}.Debug|x64.Build.0 = Debug|Any CPU
		{320492BD-91D5-4EF6-B112-F73D7FC26325}.Debug|x86.ActiveCfg = Debug|Any CPU
		{320492BD-91D5-4EF6-B112-F73D7FC26325}.Debug|x86.Build.0 = Debug|Any CPU
		{320492BD-91D5-4EF6-B112-F73D7FC26325}.Release|Any CPU.ActiveCfg = Release|Any CPU
		{320492BD-91D5-4EF6-B112-F73D7FC26325}.Release|Any CPU.Build.0 = Release|Any CPU
		{320492BD-91D5-4EF6-B112-F73D7FC26325}.Release|x64.ActiveCfg = Release|Any CPU
		{320492BD-91D5-4EF6-B112-F73D7FC26325}.Release|x64.Build.0 = Release|Any CPU
		{320492BD-91D5-4EF6-B112-F73D7FC26325}.Release|x86.ActiveCfg = Release|Any CPU
		{320492BD-91D5-4EF6-B112-F73D7FC26325}.Release|x86.Build.0 = Release|Any CPU
		{613352B4-20B9-4F37-91BA-45557A37BD5A}.Debug|Any CPU.ActiveCfg = Debug|Any CPU
		{613352B4-20B9-4F37-91BA-45557A37BD5A}.Debug|Any CPU.Build.0 = Debug|Any CPU
		{613352B4-20B9-4F37-91BA-45557A37BD5A}.Debug|x64.ActiveCfg = Debug|Any CPU
		{613352B4-20B9-4F37-91BA-45557A37BD5A}.Debug|x64.Build.0 = Debug|Any CPU
		{613352B4-20B9-4F37-91BA-45557A37BD5A}.Debug|x86.ActiveCfg = Debug|Any CPU
		{613352B4-20B9-4F37-91BA-45557A37BD5A}.Debug|x86.Build.0 = Debug|Any CPU
		{613352B4-20B9-4F37-91BA-45557A37BD5A}.Release|Any CPU.ActiveCfg = Release|Any CPU
		{613352B4-20B9-4F37-91BA-45557A37BD5A}.Release|Any CPU.Build.0 = Release|Any CPU
		{613352B4-20B9-4F37-91BA-45557A37BD5A}.Release|x64.ActiveCfg = Release|Any CPU
		{613352B4-20B9-4F37-91BA-45557A37BD5A}.Release|x64.Build.0 = Release|Any CPU
		{613352B4-20B9-4F37-91BA-45557A37BD5A}.Release|x86.ActiveCfg = Release|Any CPU
		{613352B4-20B9-4F37-91BA-45557A37BD5A}.Release|x86.Build.0 = Release|Any CPU
	EndGlobalSection
	GlobalSection(SolutionProperties) = preSolution
		HideSolutionNode = FALSE
	EndGlobalSection
	GlobalSection(ExtensibilityGlobals) = postSolution
		SolutionGuid = {A112A3FC-3316-4E36-AD2C-45ED485D6DE5}
	EndGlobalSection
EndGlobal
